// !$*UTF8*$!
{
	archiveVersion = 1;
	classes = {
	};
	objectVersion = 56;
	objects = {

/* Begin PBXBuildFile section */
		A7E2327F2982AB7B00D7FE82 /* AppDelegate.swift in Sources */ = {isa = PBXBuildFile; fileRef = A7E2327E2982AB7B00D7FE82 /* AppDelegate.swift */; };
		A7E232812982AB7B00D7FE82 /* SceneDelegate.swift in Sources */ = {isa = PBXBuildFile; fileRef = A7E232802982AB7B00D7FE82 /* SceneDelegate.swift */; };
		A7E232832982AB7B00D7FE82 /* ViewController.swift in Sources */ = {isa = PBXBuildFile; fileRef = A7E232822982AB7B00D7FE82 /* ViewController.swift */; };
		A7E232862982AB7B00D7FE82 /* Main.storyboard in Resources */ = {isa = PBXBuildFile; fileRef = A7E232842982AB7B00D7FE82 /* Main.storyboard */; };
		A7E232882982AB7C00D7FE82 /* Assets.xcassets in Resources */ = {isa = PBXBuildFile; fileRef = A7E232872982AB7C00D7FE82 /* Assets.xcassets */; };
		A7E2328B2982AB7C00D7FE82 /* LaunchScreen.storyboard in Resources */ = {isa = PBXBuildFile; fileRef = A7E232892982AB7C00D7FE82 /* LaunchScreen.storyboard */; };
		A7E232962982AB7C00D7FE82 /* natashaweallbrokenTests.swift in Sources */ = {isa = PBXBuildFile; fileRef = A7E232952982AB7C00D7FE82 /* natashaweallbrokenTests.swift */; };
		A7E232A02982AB7C00D7FE82 /* natashaweallbrokenUITests.swift in Sources */ = {isa = PBXBuildFile; fileRef = A7E2329F2982AB7C00D7FE82 /* natashaweallbrokenUITests.swift */; };
		A7E232A22982AB7C00D7FE82 /* natashaweallbrokenUITestsLaunchTests.swift in Sources */ = {isa = PBXBuildFile; fileRef = A7E232A12982AB7C00D7FE82 /* natashaweallbrokenUITestsLaunchTests.swift */; };
/* End PBXBuildFile section */

/* Begin PBXContainerItemProxy section */
		A7E232922982AB7C00D7FE82 /* PBXContainerItemProxy */ = {
			isa = PBXContainerItemProxy;
			containerPortal = A7E232732982AB7B00D7FE82 /* Project object */;
			proxyType = 1;
			remoteGlobalIDString = A7E2327A2982AB7B00D7FE82;
			remoteInfo = natashaweallbroken;
		};
		A7E2329C2982AB7C00D7FE82 /* PBXContainerItemProxy */ = {
			isa = PBXContainerItemProxy;
			containerPortal = A7E232732982AB7B00D7FE82 /* Project object */;
			proxyType = 1;
			remoteGlobalIDString = A7E2327A2982AB7B00D7FE82;
			remoteInfo = natashaweallbroken;
		};
/* End PBXContainerItemProxy section */

/* Begin PBXFileReference section */
		A7E2327B2982AB7B00D7FE82 /* natashaweallbroken.app */ = {isa = PBXFileReference; explicitFileType = wrapper.application; includeInIndex = 0; path = natashaweallbroken.app; sourceTree = BUILT_PRODUCTS_DIR; };
		A7E2327E2982AB7B00D7FE82 /* AppDelegate.swift */ = {isa = PBXFileReference; lastKnownFileType = sourcecode.swift; path = AppDelegate.swift; sourceTree = "<group>"; };
		A7E232802982AB7B00D7FE82 /* SceneDelegate.swift */ = {isa = PBXFileReference; lastKnownFileType = sourcecode.swift; path = SceneDelegate.swift; sourceTree = "<group>"; };
		A7E232822982AB7B00D7FE82 /* ViewController.swift */ = {isa = PBXFileReference; lastKnownFileType = sourcecode.swift; path = ViewController.swift; sourceTree = "<group>"; };
		A7E232852982AB7B00D7FE82 /* Base */ = {isa = PBXFileReference; lastKnownFileType = file.storyboard; name = Base; path = Base.lproj/Main.storyboard; sourceTree = "<group>"; };
		A7E232872982AB7C00D7FE82 /* Assets.xcassets */ = {isa = PBXFileReference; lastKnownFileType = folder.assetcatalog; path = Assets.xcassets; sourceTree = "<group>"; };
		A7E2328A2982AB7C00D7FE82 /* Base */ = {isa = PBXFileReference; lastKnownFileType = file.storyboard; name = Base; path = Base.lproj/LaunchScreen.storyboard; sourceTree = "<group>"; };
		A7E2328C2982AB7C00D7FE82 /* Info.plist */ = {isa = PBXFileReference; lastKnownFileType = text.plist.xml; path = Info.plist; sourceTree = "<group>"; };
		A7E232912982AB7C00D7FE82 /* natashaweallbrokenTests.xctest */ = {isa = PBXFileReference; explicitFileType = wrapper.cfbundle; includeInIndex = 0; path = natashaweallbrokenTests.xctest; sourceTree = BUILT_PRODUCTS_DIR; };
		A7E232952982AB7C00D7FE82 /* natashaweallbrokenTests.swift */ = {isa = PBXFileReference; lastKnownFileType = sourcecode.swift; path = natashaweallbrokenTests.swift; sourceTree = "<group>"; };
		A7E2329B2982AB7C00D7FE82 /* natashaweallbrokenUITests.xctest */ = {isa = PBXFileReference; explicitFileType = wrapper.cfbundle; includeInIndex = 0; path = natashaweallbrokenUITests.xctest; sourceTree = BUILT_PRODUCTS_DIR; };
		A7E2329F2982AB7C00D7FE82 /* natashaweallbrokenUITests.swift */ = {isa = PBXFileReference; lastKnownFileType = sourcecode.swift; path = natashaweallbrokenUITests.swift; sourceTree = "<group>"; };
		A7E232A12982AB7C00D7FE82 /* natashaweallbrokenUITestsLaunchTests.swift */ = {isa = PBXFileReference; lastKnownFileType = sourcecode.swift; path = natashaweallbrokenUITestsLaunchTests.swift; sourceTree = "<group>"; };
/* End PBXFileReference section */

/* Begin PBXFrameworksBuildPhase section */
		A7E232782982AB7B00D7FE82 /* Frameworks */ = {
			isa = PBXFrameworksBuildPhase;
			buildActionMask = 2147483647;
			files = (
			);
			runOnlyForDeploymentPostprocessing = 0;
		};
		A7E2328E2982AB7C00D7FE82 /* Frameworks */ = {
			isa = PBXFrameworksBuildPhase;
			buildActionMask = 2147483647;
			files = (
			);
			runOnlyForDeploymentPostprocessing = 0;
		};
		A7E232982982AB7C00D7FE82 /* Frameworks */ = {
			isa = PBXFrameworksBuildPhase;
			buildActionMask = 2147483647;
			files = (
			);
			runOnlyForDeploymentPostprocessing = 0;
		};
/* End PBXFrameworksBuildPhase section */

/* Begin PBXGroup section */
		A7E232722982AB7B00D7FE82 = {
			isa = PBXGroup;
			children = (
				A7E2327D2982AB7B00D7FE82 /* natashaweallbroken */,
				A7E232942982AB7C00D7FE82 /* natashaweallbrokenTests */,
				A7E2329E2982AB7C00D7FE82 /* natashaweallbrokenUITests */,
				A7E2327C2982AB7B00D7FE82 /* Products */,
			);
			sourceTree = "<group>";
		};
		A7E2327C2982AB7B00D7FE82 /* Products */ = {
			isa = PBXGroup;
			children = (
				A7E2327B2982AB7B00D7FE82 /* natashaweallbroken.app */,
				A7E232912982AB7C00D7FE82 /* natashaweallbrokenTests.xctest */,
				A7E2329B2982AB7C00D7FE82 /* natashaweallbrokenUITests.xctest */,
			);
			name = Products;
			sourceTree = "<group>";
		};
		A7E2327D2982AB7B00D7FE82 /* natashaweallbroken */ = {
			isa = PBXGroup;
			children = (
				A7E2327E2982AB7B00D7FE82 /* AppDelegate.swift */,
				A7E232802982AB7B00D7FE82 /* SceneDelegate.swift */,
				A7E232822982AB7B00D7FE82 /* ViewController.swift */,
				A7E232842982AB7B00D7FE82 /* Main.storyboard */,
				A7E232872982AB7C00D7FE82 /* Assets.xcassets */,
				A7E232892982AB7C00D7FE82 /* LaunchScreen.storyboard */,
				A7E2328C2982AB7C00D7FE82 /* Info.plist */,
			);
			path = natashaweallbroken;
			sourceTree = "<group>";
		};
		A7E232942982AB7C00D7FE82 /* natashaweallbrokenTests */ = {
			isa = PBXGroup;
			children = (
				A7E232952982AB7C00D7FE82 /* natashaweallbrokenTests.swift */,
			);
			path = natashaweallbrokenTests;
			sourceTree = "<group>";
		};
		A7E2329E2982AB7C00D7FE82 /* natashaweallbrokenUITests */ = {
			isa = PBXGroup;
			children = (
				A7E2329F2982AB7C00D7FE82 /* natashaweallbrokenUITests.swift */,
				A7E232A12982AB7C00D7FE82 /* natashaweallbrokenUITestsLaunchTests.swift */,
			);
			path = natashaweallbrokenUITests;
			sourceTree = "<group>";
		};
/* End PBXGroup section */

/* Begin PBXNativeTarget section */
		A7E2327A2982AB7B00D7FE82 /* natashaweallbroken */ = {
			isa = PBXNativeTarget;
			buildConfigurationList = A7E232A52982AB7C00D7FE82 /* Build configuration list for PBXNativeTarget "natashaweallbroken" */;
			buildPhases = (
				A7E232772982AB7B00D7FE82 /* Sources */,
				A7E232782982AB7B00D7FE82 /* Frameworks */,
				A7E232792982AB7B00D7FE82 /* Resources */,
			);
			buildRules = (
			);
			dependencies = (
			);
			name = natashaweallbroken;
			productName = natashaweallbroken;
			productReference = A7E2327B2982AB7B00D7FE82 /* natashaweallbroken.app */;
			productType = "com.apple.product-type.application";
		};
		A7E232902982AB7C00D7FE82 /* natashaweallbrokenTests */ = {
			isa = PBXNativeTarget;
			buildConfigurationList = A7E232A82982AB7C00D7FE82 /* Build configuration list for PBXNativeTarget "natashaweallbrokenTests" */;
			buildPhases = (
				A7E2328D2982AB7C00D7FE82 /* Sources */,
				A7E2328E2982AB7C00D7FE82 /* Frameworks */,
				A7E2328F2982AB7C00D7FE82 /* Resources */,
			);
			buildRules = (
			);
			dependencies = (
				A7E232932982AB7C00D7FE82 /* PBXTargetDependency */,
			);
			name = natashaweallbrokenTests;
			productName = natashaweallbrokenTests;
			productReference = A7E232912982AB7C00D7FE82 /* natashaweallbrokenTests.xctest */;
			productType = "com.apple.product-type.bundle.unit-test";
		};
		A7E2329A2982AB7C00D7FE82 /* natashaweallbrokenUITests */ = {
			isa = PBXNativeTarget;
			buildConfigurationList = A7E232AB2982AB7C00D7FE82 /* Build configuration list for PBXNativeTarget "natashaweallbrokenUITests" */;
			buildPhases = (
				A7E232972982AB7C00D7FE82 /* Sources */,
				A7E232982982AB7C00D7FE82 /* Frameworks */,
				A7E232992982AB7C00D7FE82 /* Resources */,
			);
			buildRules = (
			);
			dependencies = (
				A7E2329D2982AB7C00D7FE82 /* PBXTargetDependency */,
			);
			name = natashaweallbrokenUITests;
			productName = natashaweallbrokenUITests;
			productReference = A7E2329B2982AB7C00D7FE82 /* natashaweallbrokenUITests.xctest */;
			productType = "com.apple.product-type.bundle.ui-testing";
		};
/* End PBXNativeTarget section */

/* Begin PBXProject section */
		A7E232732982AB7B00D7FE82 /* Project object */ = {
			isa = PBXProject;
			attributes = {
				BuildIndependentTargetsInParallel = 1;
				LastSwiftUpdateCheck = 1420;
				LastUpgradeCheck = 1420;
				TargetAttributes = {
					A7E2327A2982AB7B00D7FE82 = {
						CreatedOnToolsVersion = 14.2;
					};
					A7E232902982AB7C00D7FE82 = {
						CreatedOnToolsVersion = 14.2;
						TestTargetID = A7E2327A2982AB7B00D7FE82;
					};
					A7E2329A2982AB7C00D7FE82 = {
						CreatedOnToolsVersion = 14.2;
						TestTargetID = A7E2327A2982AB7B00D7FE82;
					};
				};
			};
			buildConfigurationList = A7E232762982AB7B00D7FE82 /* Build configuration list for PBXProject "natashaweallbroken" */;
			compatibilityVersion = "Xcode 14.0";
			developmentRegion = en;
			hasScannedForEncodings = 0;
			knownRegions = (
				en,
				Base,
			);
			mainGroup = A7E232722982AB7B00D7FE82;
			productRefGroup = A7E2327C2982AB7B00D7FE82 /* Products */;
			projectDirPath = "";
			projectRoot = "";
			targets = (
				A7E2327A2982AB7B00D7FE82 /* natashaweallbroken */,
				A7E232902982AB7C00D7FE82 /* natashaweallbrokenTests */,
				A7E2329A2982AB7C00D7FE82 /* natashaweallbrokenUITests */,
			);
		};
/* End PBXProject section */

/* Begin PBXResourcesBuildPhase section */
		A7E232792982AB7B00D7FE82 /* Resources */ = {
			isa = PBXResourcesBuildPhase;
			buildActionMask = 2147483647;
			files = (
				A7E2328B2982AB7C00D7FE82 /* LaunchScreen.storyboard in Resources */,
				A7E232882982AB7C00D7FE82 /* Assets.xcassets in Resources */,
				A7E232862982AB7B00D7FE82 /* Main.storyboard in Resources */,
			);
			runOnlyForDeploymentPostprocessing = 0;
		};
		A7E2328F2982AB7C00D7FE82 /* Resources */ = {
			isa = PBXResourcesBuildPhase;
			buildActionMask = 2147483647;
			files = (
			);
			runOnlyForDeploymentPostprocessing = 0;
		};
		A7E232992982AB7C00D7FE82 /* Resources */ = {
			isa = PBXResourcesBuildPhase;
			buildActionMask = 2147483647;
			files = (
			);
			runOnlyForDeploymentPostprocessing = 0;
		};
/* End PBXResourcesBuildPhase section */

/* Begin PBXSourcesBuildPhase section */
		A7E232772982AB7B00D7FE82 /* Sources */ = {
			isa = PBXSourcesBuildPhase;
			buildActionMask = 2147483647;
			files = (
				A7E232832982AB7B00D7FE82 /* ViewController.swift in Sources */,
				A7E2327F2982AB7B00D7FE82 /* AppDelegate.swift in Sources */,
				A7E232812982AB7B00D7FE82 /* SceneDelegate.swift in Sources */,
			);
			runOnlyForDeploymentPostprocessing = 0;
		};
		A7E2328D2982AB7C00D7FE82 /* Sources */ = {
			isa = PBXSourcesBuildPhase;
			buildActionMask = 2147483647;
			files = (
				A7E232962982AB7C00D7FE82 /* natashaweallbrokenTests.swift in Sources */,
			);
			runOnlyForDeploymentPostprocessing = 0;
		};
		A7E232972982AB7C00D7FE82 /* Sources */ = {
			isa = PBXSourcesBuildPhase;
			buildActionMask = 2147483647;
			files = (
				A7E232A22982AB7C00D7FE82 /* natashaweallbrokenUITestsLaunchTests.swift in Sources */,
				A7E232A02982AB7C00D7FE82 /* natashaweallbrokenUITests.swift in Sources */,
			);
			runOnlyForDeploymentPostprocessing = 0;
		};
/* End PBXSourcesBuildPhase section */

/* Begin PBXTargetDependency section */
		A7E232932982AB7C00D7FE82 /* PBXTargetDependency */ = {
			isa = PBXTargetDependency;
			target = A7E2327A2982AB7B00D7FE82 /* natashaweallbroken */;
			targetProxy = A7E232922982AB7C00D7FE82 /* PBXContainerItemProxy */;
		};
		A7E2329D2982AB7C00D7FE82 /* PBXTargetDependency */ = {
			isa = PBXTargetDependency;
			target = A7E2327A2982AB7B00D7FE82 /* natashaweallbroken */;
			targetProxy = A7E2329C2982AB7C00D7FE82 /* PBXContainerItemProxy */;
		};
/* End PBXTargetDependency section */

/* Begin PBXVariantGroup section */
		A7E232842982AB7B00D7FE82 /* Main.storyboard */ = {
			isa = PBXVariantGroup;
			children = (
				A7E232852982AB7B00D7FE82 /* Base */,
			);
			name = Main.storyboard;
			sourceTree = "<group>";
		};
		A7E232892982AB7C00D7FE82 /* LaunchScreen.storyboard */ = {
			isa = PBXVariantGroup;
			children = (
				A7E2328A2982AB7C00D7FE82 /* Base */,
			);
			name = LaunchScreen.storyboard;
			sourceTree = "<group>";
		};
/* End PBXVariantGroup section */

/* Begin XCBuildConfiguration section */
		A7E232A32982AB7C00D7FE82 /* Debug */ = {
			isa = XCBuildConfiguration;
			buildSettings = {
				ALWAYS_SEARCH_USER_PATHS = NO;
				CLANG_ANALYZER_NONNULL = YES;
				CLANG_ANALYZER_NUMBER_OBJECT_CONVERSION = YES_AGGRESSIVE;
				CLANG_CXX_LANGUAGE_STANDARD = "gnu++20";
				CLANG_ENABLE_MODULES = YES;
				CLANG_ENABLE_OBJC_ARC = YES;
				CLANG_ENABLE_OBJC_WEAK = YES;
				CLANG_WARN_BLOCK_CAPTURE_AUTORELEASING = YES;
				CLANG_WARN_BOOL_CONVERSION = YES;
				CLANG_WARN_COMMA = YES;
				CLANG_WARN_CONSTANT_CONVERSION = YES;
				CLANG_WARN_DEPRECATED_OBJC_IMPLEMENTATIONS = YES;
				CLANG_WARN_DIRECT_OBJC_ISA_USAGE = YES_ERROR;
				CLANG_WARN_DOCUMENTATION_COMMENTS = YES;
				CLANG_WARN_EMPTY_BODY = YES;
				CLANG_WARN_ENUM_CONVERSION = YES;
				CLANG_WARN_INFINITE_RECURSION = YES;
				CLANG_WARN_INT_CONVERSION = YES;
				CLANG_WARN_NON_LITERAL_NULL_CONVERSION = YES;
				CLANG_WARN_OBJC_IMPLICIT_RETAIN_SELF = YES;
				CLANG_WARN_OBJC_LITERAL_CONVERSION = YES;
				CLANG_WARN_OBJC_ROOT_CLASS = YES_ERROR;
				CLANG_WARN_QUOTED_INCLUDE_IN_FRAMEWORK_HEADER = YES;
				CLANG_WARN_RANGE_LOOP_ANALYSIS = YES;
				CLANG_WARN_STRICT_PROTOTYPES = YES;
				CLANG_WARN_SUSPICIOUS_MOVE = YES;
				CLANG_WARN_UNGUARDED_AVAILABILITY = YES_AGGRESSIVE;
				CLANG_WARN_UNREACHABLE_CODE = YES;
				CLANG_WARN__DUPLICATE_METHOD_MATCH = YES;
				COPY_PHASE_STRIP = NO;
				DEBUG_INFORMATION_FORMAT = dwarf;
				ENABLE_STRICT_OBJC_MSGSEND = YES;
				ENABLE_TESTABILITY = YES;
				GCC_C_LANGUAGE_STANDARD = gnu11;
				GCC_DYNAMIC_NO_PIC = NO;
				GCC_NO_COMMON_BLOCKS = YES;
				GCC_OPTIMIZATION_LEVEL = 0;
				GCC_PREPROCESSOR_DEFINITIONS = (
					"DEBUG=1",
					"$(inherited)",
				);
				GCC_WARN_64_TO_32_BIT_CONVERSION = YES;
				GCC_WARN_ABOUT_RETURN_TYPE = YES_ERROR;
				GCC_WARN_UNDECLARED_SELECTOR = YES;
				GCC_WARN_UNINITIALIZED_AUTOS = YES_AGGRESSIVE;
				GCC_WARN_UNUSED_FUNCTION = YES;
				GCC_WARN_UNUSED_VARIABLE = YES;
				IPHONEOS_DEPLOYMENT_TARGET = 16.2;
				MTL_ENABLE_DEBUG_INFO = INCLUDE_SOURCE;
				MTL_FAST_MATH = YES;
				ONLY_ACTIVE_ARCH = YES;
				SDKROOT = iphoneos;
				SWIFT_ACTIVE_COMPILATION_CONDITIONS = DEBUG;
				SWIFT_OPTIMIZATION_LEVEL = "-Onone";
			};
			name = Debug;
		};
		A7E232A42982AB7C00D7FE82 /* Release */ = {
			isa = XCBuildConfiguration;
			buildSettings = {
				ALWAYS_SEARCH_USER_PATHS = NO;
				CLANG_ANALYZER_NONNULL = YES;
				CLANG_ANALYZER_NUMBER_OBJECT_CONVERSION = YES_AGGRESSIVE;
				CLANG_CXX_LANGUAGE_STANDARD = "gnu++20";
				CLANG_ENABLE_MODULES = YES;
				CLANG_ENABLE_OBJC_ARC = YES;
				CLANG_ENABLE_OBJC_WEAK = YES;
				CLANG_WARN_BLOCK_CAPTURE_AUTORELEASING = YES;
				CLANG_WARN_BOOL_CONVERSION = YES;
				CLANG_WARN_COMMA = YES;
				CLANG_WARN_CONSTANT_CONVERSION = YES;
				CLANG_WARN_DEPRECATED_OBJC_IMPLEMENTATIONS = YES;
				CLANG_WARN_DIRECT_OBJC_ISA_USAGE = YES_ERROR;
				CLANG_WARN_DOCUMENTATION_COMMENTS = YES;
				CLANG_WARN_EMPTY_BODY = YES;
				CLANG_WARN_ENUM_CONVERSION = YES;
				CLANG_WARN_INFINITE_RECURSION = YES;
				CLANG_WARN_INT_CONVERSION = YES;
				CLANG_WARN_NON_LITERAL_NULL_CONVERSION = YES;
				CLANG_WARN_OBJC_IMPLICIT_RETAIN_SELF = YES;
				CLANG_WARN_OBJC_LITERAL_CONVERSION = YES;
				CLANG_WARN_OBJC_ROOT_CLASS = YES_ERROR;
				CLANG_WARN_QUOTED_INCLUDE_IN_FRAMEWORK_HEADER = YES;
				CLANG_WARN_RANGE_LOOP_ANALYSIS = YES;
				CLANG_WARN_STRICT_PROTOTYPES = YES;
				CLANG_WARN_SUSPICIOUS_MOVE = YES;
				CLANG_WARN_UNGUARDED_AVAILABILITY = YES_AGGRESSIVE;
				CLANG_WARN_UNREACHABLE_CODE = YES;
				CLANG_WARN__DUPLICATE_METHOD_MATCH = YES;
				COPY_PHASE_STRIP = NO;
				DEBUG_INFORMATION_FORMAT = "dwarf-with-dsym";
				ENABLE_NS_ASSERTIONS = NO;
				ENABLE_STRICT_OBJC_MSGSEND = YES;
				GCC_C_LANGUAGE_STANDARD = gnu11;
				GCC_NO_COMMON_BLOCKS = YES;
				GCC_WARN_64_TO_32_BIT_CONVERSION = YES;
				GCC_WARN_ABOUT_RETURN_TYPE = YES_ERROR;
				GCC_WARN_UNDECLARED_SELECTOR = YES;
				GCC_WARN_UNINITIALIZED_AUTOS = YES_AGGRESSIVE;
				GCC_WARN_UNUSED_FUNCTION = YES;
				GCC_WARN_UNUSED_VARIABLE = YES;
				IPHONEOS_DEPLOYMENT_TARGET = 16.2;
				MTL_ENABLE_DEBUG_INFO = NO;
				MTL_FAST_MATH = YES;
				SDKROOT = iphoneos;
				SWIFT_COMPILATION_MODE = wholemodule;
				SWIFT_OPTIMIZATION_LEVEL = "-O";
				VALIDATE_PRODUCT = YES;
			};
			name = Release;
		};
		A7E232A62982AB7C00D7FE82 /* Debug */ = {
			isa = XCBuildConfiguration;
			buildSettings = {
				ASSETCATALOG_COMPILER_APPICON_NAME = AppIcon;
				ASSETCATALOG_COMPILER_GLOBAL_ACCENT_COLOR_NAME = AccentColor;
				CODE_SIGN_STYLE = Automatic;
				CURRENT_PROJECT_VERSION = 1;
				DEVELOPMENT_TEAM = CP252HV247;
				GENERATE_INFOPLIST_FILE = YES;
				INFOPLIST_FILE = natashaweallbroken/Info.plist;
				INFOPLIST_KEY_UIApplicationSupportsIndirectInputEvents = YES;
				INFOPLIST_KEY_UILaunchStoryboardName = LaunchScreen;
				INFOPLIST_KEY_UIMainStoryboardFile = Main;
				INFOPLIST_KEY_UISupportedInterfaceOrientations_iPad = "UIInterfaceOrientationPortrait UIInterfaceOrientationPortraitUpsideDown UIInterfaceOrientationLandscapeLeft UIInterfaceOrientationLandscapeRight";
				INFOPLIST_KEY_UISupportedInterfaceOrientations_iPhone = "UIInterfaceOrientationPortrait UIInterfaceOrientationLandscapeLeft UIInterfaceOrientationLandscapeRight";
				LD_RUNPATH_SEARCH_PATHS = (
					"$(inherited)",
					"@executable_path/Frameworks",
				);
				MARKETING_VERSION = 1.0;
				PRODUCT_BUNDLE_IDENTIFIER = com.belyavskaya.natashaweallbroken;
				PRODUCT_NAME = "$(TARGET_NAME)";
				SWIFT_EMIT_LOC_STRINGS = YES;
				SWIFT_VERSION = 5.0;
				TARGETED_DEVICE_FAMILY = "1,2";
			};
			name = Debug;
		};
		A7E232A72982AB7C00D7FE82 /* Release */ = {
			isa = XCBuildConfiguration;
			buildSettings = {
				ASSETCATALOG_COMPILER_APPICON_NAME = AppIcon;
				ASSETCATALOG_COMPILER_GLOBAL_ACCENT_COLOR_NAME = AccentColor;
				CODE_SIGN_STYLE = Automatic;
				CURRENT_PROJECT_VERSION = 1;
				DEVELOPMENT_TEAM = CP252HV247;
				GENERATE_INFOPLIST_FILE = YES;
				INFOPLIST_FILE = natashaweallbroken/Info.plist;
				INFOPLIST_KEY_UIApplicationSupportsIndirectInputEvents = YES;
				INFOPLIST_KEY_UILaunchStoryboardName = LaunchScreen;
				INFOPLIST_KEY_UIMainStoryboardFile = Main;
				INFOPLIST_KEY_UISupportedInterfaceOrientations_iPad = "UIInterfaceOrientationPortrait UIInterfaceOrientationPortraitUpsideDown UIInterfaceOrientationLandscapeLeft UIInterfaceOrientationLandscapeRight";
				INFOPLIST_KEY_UISupportedInterfaceOrientations_iPhone = "UIInterfaceOrientationPortrait UIInterfaceOrientationLandscapeLeft UIInterfaceOrientationLandscapeRight";
				LD_RUNPATH_SEARCH_PATHS = (
					"$(inherited)",
					"@executable_path/Frameworks",
				);
				MARKETING_VERSION = 1.0;
				PRODUCT_BUNDLE_IDENTIFIER = com.belyavskaya.natashaweallbroken;
				PRODUCT_NAME = "$(TARGET_NAME)";
				SWIFT_EMIT_LOC_STRINGS = YES;
				SWIFT_VERSION = 5.0;
				TARGETED_DEVICE_FAMILY = "1,2";
			};
			name = Release;
		};
		A7E232A92982AB7C00D7FE82 /* Debug */ = {
			isa = XCBuildConfiguration;
			buildSettings = {
				ALWAYS_EMBED_SWIFT_STANDARD_LIBRARIES = YES;
				BUNDLE_LOADER = "$(TEST_HOST)";
				CODE_SIGN_STYLE = Automatic;
				CURRENT_PROJECT_VERSION = 1;
				DEVELOPMENT_TEAM = CP252HV247;
				GENERATE_INFOPLIST_FILE = YES;
				IPHONEOS_DEPLOYMENT_TARGET = 16.2;
				MARKETING_VERSION = 1.0;
				PRODUCT_BUNDLE_IDENTIFIER = com.belyavskaya.natashaweallbrokenTests;
				PRODUCT_NAME = "$(TARGET_NAME)";
				SWIFT_EMIT_LOC_STRINGS = NO;
				SWIFT_VERSION = 5.0;
				TARGETED_DEVICE_FAMILY = "1,2";
				TEST_HOST = "$(BUILT_PRODUCTS_DIR)/natashaweallbroken.app/$(BUNDLE_EXECUTABLE_FOLDER_PATH)/natashaweallbroken";
			};
			name = Debug;
		};
		A7E232AA2982AB7C00D7FE82 /* Release */ = {
			isa = XCBuildConfiguration;
			buildSettings = {
				ALWAYS_EMBED_SWIFT_STANDARD_LIBRARIES = YES;
				BUNDLE_LOADER = "$(TEST_HOST)";
				CODE_SIGN_STYLE = Automatic;
				CURRENT_PROJECT_VERSION = 1;
				DEVELOPMENT_TEAM = CP252HV247;
				GENERATE_INFOPLIST_FILE = YES;
				IPHONEOS_DEPLOYMENT_TARGET = 16.2;
				MARKETING_VERSION = 1.0;
				PRODUCT_BUNDLE_IDENTIFIER = com.belyavskaya.natashaweallbrokenTests;
				PRODUCT_NAME = "$(TARGET_NAME)";
				SWIFT_EMIT_LOC_STRINGS = NO;
				SWIFT_VERSION = 5.0;
				TARGETED_DEVICE_FAMILY = "1,2";
				TEST_HOST = "$(BUILT_PRODUCTS_DIR)/natashaweallbroken.app/$(BUNDLE_EXECUTABLE_FOLDER_PATH)/natashaweallbroken";
			};
			name = Release;
		};
		A7E232AC2982AB7C00D7FE82 /* Debug */ = {
			isa = XCBuildConfiguration;
			buildSettings = {
				ALWAYS_EMBED_SWIFT_STANDARD_LIBRARIES = YES;
				CODE_SIGN_STYLE = Automatic;
				CURRENT_PROJECT_VERSION = 1;
				DEVELOPMENT_TEAM = CP252HV247;
				GENERATE_INFOPLIST_FILE = YES;
				MARKETING_VERSION = 1.0;
				PRODUCT_BUNDLE_IDENTIFIER = com.belyavskaya.natashaweallbrokenUITests;
				PRODUCT_NAME = "$(TARGET_NAME)";
				SWIFT_EMIT_LOC_STRINGS = NO;
				SWIFT_VERSION = 5.0;
				TARGETED_DEVICE_FAMILY = "1,2";
				TEST_TARGET_NAME = natashaweallbroken;
			};
			name = Debug;
		};
		A7E232AD2982AB7C00D7FE82 /* Release */ = {
			isa = XCBuildConfiguration;
			buildSettings = {
				ALWAYS_EMBED_SWIFT_STANDARD_LIBRARIES = YES;
				CODE_SIGN_STYLE = Automatic;
				CURRENT_PROJECT_VERSION = 1;
				DEVELOPMENT_TEAM = CP252HV247;
				GENERATE_INFOPLIST_FILE = YES;
				MARKETING_VERSION = 1.0;
				PRODUCT_BUNDLE_IDENTIFIER = com.belyavskaya.natashaweallbrokenUITests;
				PRODUCT_NAME = "$(TARGET_NAME)";
				SWIFT_EMIT_LOC_STRINGS = NO;
				SWIFT_VERSION = 5.0;
				TARGETED_DEVICE_FAMILY = "1,2";
				TEST_TARGET_NAME = natashaweallbroken;
			};
			name = Release;
		};
/* End XCBuildConfiguration section */

/* Begin XCConfigurationList section */
		A7E232762982AB7B00D7FE82 /* Build configuration list for PBXProject "natashaweallbroken" */ = {
			isa = XCConfigurationList;
			buildConfigurations = (
				A7E232A32982AB7C00D7FE82 /* Debug */,
				A7E232A42982AB7C00D7FE82 /* Release */,
			);
			defaultConfigurationIsVisible = 0;
			defaultConfigurationName = Release;
		};
		A7E232A52982AB7C00D7FE82 /* Build configuration list for PBXNativeTarget "natashaweallbroken" */ = {
			isa = XCConfigurationList;
			buildConfigurations = (
				A7E232A62982AB7C00D7FE82 /* Debug */,
				A7E232A72982AB7C00D7FE82 /* Release */,
			);
			defaultConfigurationIsVisible = 0;
			defaultConfigurationName = Release;
		};
		A7E232A82982AB7C00D7FE82 /* Build configuration list for PBXNativeTarget "natashaweallbrokenTests" */ = {
			isa = XCConfigurationList;
			buildConfigurations = (
				A7E232A92982AB7C00D7FE82 /* Debug */,
				A7E232AA2982AB7C00D7FE82 /* Release */,
			);
			defaultConfigurationIsVisible = 0;
			defaultConfigurationName = Release;
		};
		A7E232AB2982AB7C00D7FE82 /* Build configuration list for PBXNativeTarget "natashaweallbrokenUITests" */ = {
			isa = XCConfigurationList;
			buildConfigurations = (
				A7E232AC2982AB7C00D7FE82 /* Debug */,
				A7E232AD2982AB7C00D7FE82 /* Release */,
			);
			defaultConfigurationIsVisible = 0;
			defaultConfigurationName = Release;
		};
/* End XCConfigurationList section */
	};
	rootObject = A7E232732982AB7B00D7FE82 /* Project object */;
}
